
Microsoft Visual Studio Solution File, Format Version 12.00
# Visual Studio Version 17
VisualStudioVersion = 17.2.32526.322
MinimumVisualStudioVersion = 10.0.40219.1
Project("{FAE04EC0-301F-11D3-BF4B-00C04F79EFBC}") = "WebApi1", "WebApi1\WebApi1.csproj", "{29CE2199-1512-47EE-A8EA-F7E08CB8C97A}"
EndProject
Global
	GlobalSection(SolutionConfigurationPlatforms) = preSolution
		Debug|Any CPU = Debug|Any CPU
		Release|Any CPU = Release|Any CPU
	EndGlobalSection
	GlobalSection(ProjectConfigurationPlatforms) = postSolution
		{29CE2199-1512-47EE-A8EA-F7E08CB8C97A}.Debug|Any CPU.ActiveCfg = Debug|Any CPU
		{29CE2199-1512-47EE-A8EA-F7E08CB8C97A}.Debug|Any CPU.Build.0 = Debug|Any CPU
		{29CE2199-1512-47EE-A8EA-F7E08CB8C97A}.Release|Any CPU.ActiveCfg = Release|Any CPU
		{29CE2199-1512-47EE-A8EA-F7E08CB8C97A}.Release|Any CPU.Build.0 = Release|Any CPU
	EndGlobalSection
	GlobalSection(SolutionProperties) = preSolution
		HideSolutionNode = FALSE
	EndGlobalSection
	GlobalSection(ExtensibilityGlobals) = postSolution
		SolutionGuid = {0B0BBC8E-3844-4718-9737-5372705DDC91}
	EndGlobalSection
EndGlobal
